
Microsoft Visual Studio Solution File, Format Version 12.00
# Visual Studio Version 16
VisualStudioVersion = 16.0.32002.261
MinimumVisualStudioVersion = 10.0.40219.1
Project("{FAE04EC0-301F-11D3-BF4B-00C04F79EFBC}") = "ConnectionMonitoringLibrary", "ConnectionMonitoringLibrary\ConnectionMonitoringLibrary.csproj", "{D6F443C7-8AE3-42B5-AB50-303A62325494}"
EndProject
Project("{FAE04EC0-301F-11D3-BF4B-00C04F79EFBC}") = "ConnectionMonitoringUI", "ConnectionMonitoringUI\ConnectionMonitoringUI.csproj", "{A7BFA187-D7B0-4166-A398-423C73F9BC20}"
EndProject
Global
	GlobalSection(SolutionConfigurationPlatforms) = preSolution
		Debug|Any CPU = Debug|Any CPU
		Release|Any CPU = Release|Any CPU
	EndGlobalSection
	GlobalSection(ProjectConfigurationPlatforms) = postSolution
		{D6F443C7-8AE3-42B5-AB50-303A62325494}.Debug|Any CPU.ActiveCfg = Debug|Any CPU
		{D6F443C7-8AE3-42B5-AB50-303A62325494}.Debug|Any CPU.Build.0 = Debug|Any CPU
		{D6F443C7-8AE3-42B5-AB50-303A62325494}.Release|Any CPU.ActiveCfg = Release|Any CPU
		{D6F443C7-8AE3-42B5-AB50-303A62325494}.Release|Any CPU.Build.0 = Release|Any CPU
		{A7BFA187-D7B0-4166-A398-423C73F9BC20}.Debug|Any CPU.ActiveCfg = Debug|Any CPU
		{A7BFA187-D7B0-4166-A398-423C73F9BC20}.Debug|Any CPU.Build.0 = Debug|Any CPU
		{A7BFA187-D7B0-4166-A398-423C73F9BC20}.Release|Any CPU.ActiveCfg = Release|Any CPU
		{A7BFA187-D7B0-4166-A398-423C73F9BC20}.Release|Any CPU.Build.0 = Release|Any CPU
	EndGlobalSection
	GlobalSection(SolutionProperties) = preSolution
		HideSolutionNode = FALSE
	EndGlobalSection
	GlobalSection(ExtensibilityGlobals) = postSolution
		SolutionGuid = {B7D7FA4E-41EA-4260-853F-EE13460AE51D}
	EndGlobalSection
EndGlobal
